{
    "_readme": [
        "This file locks the dependencies of your project to a known state",
        "Read more about it at http://getcomposer.org/doc/01-basic-usage.md#composer-lock-the-lock-file",
        "This file is @generated automatically"
    ],
    "hash": "cd0c84472376f6c852f2a8e2a80d3cb4",
    "packages": [
        {
            "name": "filp/whoops",
            "version": "dev-master",
            "source": {
                "type": "git",
                "url": "https://github.com/filp/whoops.git",
                "reference": "37b5e653c99cbb9113108d7dc59a0ddc306acc46"
            },
            "dist": {
                "type": "zip",
                "url": "https://api.github.com/repos/filp/whoops/zipball/37b5e653c99cbb9113108d7dc59a0ddc306acc46",
                "reference": "37b5e653c99cbb9113108d7dc59a0ddc306acc46",
                "shasum": ""
            },
            "require": {
                "php": ">=5.3.0"
            },
            "require-dev": {
                "mockery/mockery": "0.9.*"
            },
            "type": "library",
            "extra": {
                "branch-alias": {
                    "dev-master": "1.2-dev"
                }
            },
            "autoload": {
                "psr-0": {
                    "Whoops": "src/"
                },
                "classmap": [
                    "src/deprecated"
                ]
            },
            "notification-url": "https://packagist.org/downloads/",
            "license": [
                "MIT"
            ],
            "authors": [
                {
                    "name": "Filipe Dobreira",
                    "homepage": "https://github.com/filp",
                    "role": "Developer"
                }
            ],
            "description": "php error handling for cool kids",
            "homepage": "https://github.com/filp/whoops",
            "keywords": [
                "error",
                "exception",
                "handling",
                "library",
                "silex-provider",
                "whoops",
                "zf2"
            ],
            "time": "2015-05-29 15:12:07"
        },
        {
            "name": "nikic/fast-route",
            "version": "v0.4.0",
            "source": {
                "type": "git",
                "url": "https://github.com/nikic/FastRoute.git",
                "reference": "f26a8f7788f25c0e3e9b1579d38d7ccab2755320"
            },
            "dist": {
                "type": "zip",
                "url": "https://api.github.com/repos/nikic/FastRoute/zipball/f26a8f7788f25c0e3e9b1579d38d7ccab2755320",
                "reference": "f26a8f7788f25c0e3e9b1579d38d7ccab2755320",
                "shasum": ""
            },
            "require": {
                "php": ">=5.4.0"
            },
            "type": "library",
            "autoload": {
                "psr-4": {
                    "FastRoute\\": "src/"
                },
                "files": [
                    "src/functions.php"
                ]
            },
            "notification-url": "https://packagist.org/downloads/",
            "license": [
                "BSD-3-Clause"
            ],
            "authors": [
                {
                    "name": "Nikita Popov",
                    "email": "nikic@php.net"
                }
            ],
            "description": "Fast request router for PHP",
            "keywords": [
                "router",
                "routing"
            ],
            "time": "2015-02-26 15:33:07"
        },
        {
            "name": "symfony/console",
            "version": "2.6.x-dev",
            "target-dir": "Symfony/Component/Console",
            "source": {
                "type": "git",
                "url": "https://github.com/symfony/Console.git",
                "reference": "6212ef46849c6edb193e8dfd3966e70f4bc1e32b"
            },
            "dist": {
                "type": "zip",
                "url": "https://api.github.com/repos/symfony/Console/zipball/6212ef46849c6edb193e8dfd3966e70f4bc1e32b",
                "reference": "6212ef46849c6edb193e8dfd3966e70f4bc1e32b",
                "shasum": ""
            },
            "require": {
                "php": ">=5.3.3"
            },
            "require-dev": {
                "psr/log": "~1.0",
                "symfony/event-dispatcher": "~2.1",
                "symfony/phpunit-bridge": "~2.7",
                "symfony/process": "~2.1"
            },
            "suggest": {
                "psr/log": "For using the console logger",
                "symfony/event-dispatcher": "",
                "symfony/process": ""
            },
            "type": "library",
            "extra": {
                "branch-alias": {
                    "dev-master": "2.6-dev"
                }
            },
            "autoload": {
                "psr-0": {
                    "Symfony\\Component\\Console\\": ""
                }
            },
            "notification-url": "https://packagist.org/downloads/",
            "license": [
                "MIT"
            ],
            "authors": [
                {
                    "name": "Fabien Potencier",
                    "email": "fabien@symfony.com"
                },
                {
                    "name": "Symfony Community",
                    "homepage": "https://symfony.com/contributors"
                }
            ],
            "description": "Symfony Console Component",
            "homepage": "https://symfony.com",
            "time": "2015-06-05 13:50:22"
        },
        {
            "name": "symfony/http-foundation",
            "version": "2.8.x-dev",
            "source": {
                "type": "git",
                "url": "https://github.com/symfony/HttpFoundation.git",
                "reference": "bc048f0cb84726b12d75983596eb61f5326c4295"
            },
            "dist": {
                "type": "zip",
                "url": "https://api.github.com/repos/symfony/HttpFoundation/zipball/bc048f0cb84726b12d75983596eb61f5326c4295",
                "reference": "bc048f0cb84726b12d75983596eb61f5326c4295",
                "shasum": ""
            },
            "require": {
                "php": ">=5.3.9"
            },
            "require-dev": {
                "symfony/expression-language": "~2.4|~3.0.0",
                "symfony/phpunit-bridge": "~2.7|~3.0.0"
            },
            "type": "library",
            "extra": {
                "branch-alias": {
                    "dev-master": "2.8-dev"
                }
            },
            "autoload": {
                "psr-4": {
                    "Symfony\\Component\\HttpFoundation\\": ""
                },
                "classmap": [
                    "Resources/stubs"
                ]
            },
            "notification-url": "https://packagist.org/downloads/",
            "license": [
                "MIT"
            ],
            "authors": [
                {
                    "name": "Fabien Potencier",
                    "email": "fabien@symfony.com"
                },
                {
                    "name": "Symfony Community",
                    "homepage": "https://symfony.com/contributors"
                }
            ],
            "description": "Symfony HttpFoundation Component",
            "homepage": "https://symfony.com",
            "time": "2015-06-04 20:21:09"
        },
        {
            "name": "symfony/process",
            "version": "2.8.x-dev",
            "source": {
                "type": "git",
                "url": "https://github.com/symfony/Process.git",
                "reference": "9f29614692809af38fff44bdae7bb90beb9e7086"
            },
            "dist": {
                "type": "zip",
                "url": "https://api.github.com/repos/symfony/Process/zipball/9f29614692809af38fff44bdae7bb90beb9e7086",
                "reference": "9f29614692809af38fff44bdae7bb90beb9e7086",
                "shasum": ""
            },
            "require": {
                "php": ">=5.3.9"
            },
            "require-dev": {
                "symfony/phpunit-bridge": "~2.7|~3.0.0"
            },
            "type": "library",
            "extra": {
                "branch-alias": {
                    "dev-master": "2.8-dev"
                }
            },
            "autoload": {
                "psr-4": {
                    "Symfony\\Component\\Process\\": ""
                }
            },
            "notification-url": "https://packagist.org/downloads/",
            "license": [
                "MIT"
            ],
            "authors": [
                {
                    "name": "Fabien Potencier",
                    "email": "fabien@symfony.com"
                },
                {
                    "name": "Symfony Community",
                    "homepage": "https://symfony.com/contributors"
                }
            ],
            "description": "Symfony Process Component",
            "homepage": "https://symfony.com",
            "time": "2015-06-04 20:21:09"
        },
        {
            "name": "tonjoo/almari",
            "version": "dev-master",
            "source": {
                "type": "git",
                "url": "https://github.com/tonjoo/almari.git",
                "reference": "25da718e48e6af99657e1067c2152f4e555e9e45"
            },
            "dist": {
                "type": "zip",
                "url": "https://api.github.com/repos/tonjoo/almari/zipball/25da718e48e6af99657e1067c2152f4e555e9e45",
                "reference": "25da718e48e6af99657e1067c2152f4e555e9e45",
                "shasum": ""
            },
            "type": "library",
            "autoload": {
                "psr-4": {
                    "Tonjoo\\Almari\\": "src/"
                }
            },
            "notification-url": "https://packagist.org/downloads/",
            "license": [
                "MIT"
            ],
            "authors": [
                {
                    "name": "Todi Adiyatmo Wijoyo",
                    "homepage": "http://todiadiyatmo.com"
                }
            ],
            "description": "Almari is a micro IoC framework which implement service locator and facade pattern",
            "homepage": "http://tonjoo.com",
            "keywords": [
                "facade",
                "framework",
                "ioc",
                "lotus"
            ],
            "time": "2015-05-27 23:59:14"
        },
        {
            "name": "tonjoo/tiga-framework",
            "version": "dev-master",
            "source": {
                "type": "git",
                "url": "https://github.com/tonjoo/tiga-framework.git",
                "reference": "55b06379db830f99340c6329f044d8d44176087d"
            },
            "dist": {
                "type": "zip",
                "url": "https://api.github.com/repos/tonjoo/tiga-framework/zipball/55b06379db830f99340c6329f044d8d44176087d",
                "reference": "55b06379db830f99340c6329f044d8d44176087d",
                "shasum": ""
            },
            "require": {
                "filp/whoops": "1.*",
                "nikic/fast-route": "0.4.*",
                "symfony/console": "2.6.*",
                "symfony/http-foundation": "2.*",
                "symfony/process": "2.8.*",
                "tonjoo/almari": "dev-master"
            },
            "type": "library",
            "autoload": {
                "psr-4": {
                    "Tiga\\Framework\\": "src/"
                },
                "files": [
                    "src/helper.php"
                ]
            },
            "notification-url": "https://packagist.org/downloads/",
            "license": [
                "MIT"
            ],
            "authors": [
                {
                    "name": "Todi Adiyatmo Wijoyo",
                    "homepage": "http://todiadiyatmo.com"
                }
            ],
            "description": "Framework Component for Tiga - WordPress Faux MVC",
            "homepage": "http://tiga.io",
            "keywords": [
                "faux mvc",
                "framework",
                "mvc",
                "tiga",
                "wordpress"
            ],
            "time": "2015-06-06 13:11:47"
        }
    ],
    "packages-dev": [],
    "aliases": [],
    "minimum-stability": "dev",
    "stability-flags": {
        "tonjoo/tiga-framework": 20
    },
    "prefer-stable": false,
    "prefer-lowest": false,
    "platform": [],
    "platform-dev": []
}
